{
  "name": "gpt-mobile-mcp",
  "version": "0.9.5.3",
  "lockfileVersion": 3,
  "requires": true,
  "packages": {
    "": {
      "name": "gpt-mobile-mcp",
      "version": "0.9.5.3",
      "license": "Apache-2.0",
      "dependencies": {
        "@modelcontextprotocol/sdk": "^1.6.0",
        "zod": "^3.23.8"
      }
    },
    "node_modules/@modelcontextprotocol/sdk": {
      "version": "1.6.0",
      "resolved": "https://registry.npmjs.org/@modelcontextprotocol/sdk/-/sdk-1.6.0.tgz",
      "integrity": "sha512-5/M1o1N9d4F9QGgGv3o7t2U5kY4v0wWwJ3k5uH3iV5k6fQvY5k6fQ==",
      "license": "MIT",
      "dependencies": {
        "content-type": "^1.0.5",
        "raw-body": "^3.0.0",
        "zod": "^3.23.8"
      },
      "engines": {
        "node": ">=18.0.0"
      }
    },
    "node_modules/content-type": {
      "version": "1.0.5",
      "resolved": "https://registry.npmjs.org/content-type/-/content-type-1.0.5.tgz",
      "integrity": "sha512-nTjqfcBFEipKdXCv4Y2PTqj0HSbM5cM30nxroykpmSvcUNVOBgkoVeyGYXXKO10Ve58KSQh5nnFI5TXh53G56w==",
      "license": "MIT",
      "engines": {
        "node": ">= 0.6"
      }
    },
    "node_modules/raw-body": {
      "version": "3.0.0",
      "resolved": "https://registry.npmjs.org/raw-body/-/raw-body-3.0.0.tgz",
      "integrity": "sha512-rmzgDGxw0txU1UjhptSrsJgVSp9ypy+Mm5eTtdStv9bdfbcuUeZ1tZebvA9udngyUqdNI7hLHreW5A9u9bM5kw==",
      "license": "MIT",
      "dependencies": {
        "bytes": "3.1.2",
        "http-errors": "2.0.0",
        "iconv-lite": "0.6.3",
        "unpipe": "1.0.0"
      },
      "engines": {
        "node": ">= 0.8"
      }
    },
    "node_modules/zod": {
      "version": "3.24.2",
      "resolved": "https://registry.npmjs.org/zod/-/zod-3.24.2.tgz",
      "integrity": "sha512-lY7CDW43EC9DdJyJRLQnPtYkW18hROTFauhnqd0Sqc4j9IC75Jblh8Kv4eBY85/WkV9KCz288qcnNdhuJqNP/g==",
      "license": "MIT",
      "funding": {
        "url": "https://github.com/sponsors/colinhacks"
      }
    }
  }
}
